// !$*UTF8*$!
{
	archiveVersion = 1;
	classes = {
	};
	objectVersion = 50;
	objects = {

/* Begin PBXBuildFile section */
		7BA4BA2526A216C7004D9D81 /* AppDelegate.swift in Sources */ = {isa = PBXBuildFile; fileRef = 7BA4BA2426A216C7004D9D81 /* AppDelegate.swift */; };
		7BA4BA2726A216C7004D9D81 /* SceneDelegate.swift in Sources */ = {isa = PBXBuildFile; fileRef = 7BA4BA2626A216C7004D9D81 /* SceneDelegate.swift */; };
		7BA4BA2926A216C7004D9D81 /* ContentView.swift in Sources */ = {isa = PBXBuildFile; fileRef = 7BA4BA2826A216C7004D9D81 /* ContentView.swift */; };
		7BA4BA2C26A216C7004D9D81 /* News_SwiftUI.xcdatamodeld in Sources */ = {isa = PBXBuildFile; fileRef = 7BA4BA2A26A216C7004D9D81 /* News_SwiftUI.xcdatamodeld */; };
		7BA4BA2E26A216C9004D9D81 /* Assets.xcassets in Resources */ = {isa = PBXBuildFile; fileRef = 7BA4BA2D26A216C9004D9D81 /* Assets.xcassets */; };
		7BA4BA3126A216C9004D9D81 /* Preview Assets.xcassets in Resources */ = {isa = PBXBuildFile; fileRef = 7BA4BA3026A216C9004D9D81 /* Preview Assets.xcassets */; };
		7BA4BA3426A216C9004D9D81 /* LaunchScreen.storyboard in Resources */ = {isa = PBXBuildFile; fileRef = 7BA4BA3226A216C9004D9D81 /* LaunchScreen.storyboard */; };
		7BA4BA3F26A216C9004D9D81 /* News_SwiftUITests.swift in Sources */ = {isa = PBXBuildFile; fileRef = 7BA4BA3E26A216C9004D9D81 /* News_SwiftUITests.swift */; };
		7BA4BA4A26A216C9004D9D81 /* News_SwiftUIUITests.swift in Sources */ = {isa = PBXBuildFile; fileRef = 7BA4BA4926A216C9004D9D81 /* News_SwiftUIUITests.swift */; };
/* End PBXBuildFile section */

/* Begin PBXContainerItemProxy section */
		7BA4BA3B26A216C9004D9D81 /* PBXContainerItemProxy */ = {
			isa = PBXContainerItemProxy;
			containerPortal = 7BA4BA1926A216C7004D9D81 /* Project object */;
			proxyType = 1;
			remoteGlobalIDString = 7BA4BA2026A216C7004D9D81;
			remoteInfo = "News SwiftUI";
		};
		7BA4BA4626A216C9004D9D81 /* PBXContainerItemProxy */ = {
			isa = PBXContainerItemProxy;
			containerPortal = 7BA4BA1926A216C7004D9D81 /* Project object */;
			proxyType = 1;
			remoteGlobalIDString = 7BA4BA2026A216C7004D9D81;
			remoteInfo = "News SwiftUI";
		};
/* End PBXContainerItemProxy section */

/* Begin PBXFileReference section */
		7BA4BA2126A216C7004D9D81 /* News SwiftUI.app */ = {isa = PBXFileReference; explicitFileType = wrapper.application; includeInIndex = 0; path = "News SwiftUI.app"; sourceTree = BUILT_PRODUCTS_DIR; };
		7BA4BA2426A216C7004D9D81 /* AppDelegate.swift */ = {isa = PBXFileReference; lastKnownFileType = sourcecode.swift; path = AppDelegate.swift; sourceTree = "<group>"; };
		7BA4BA2626A216C7004D9D81 /* SceneDelegate.swift */ = {isa = PBXFileReference; lastKnownFileType = sourcecode.swift; path = SceneDelegate.swift; sourceTree = "<group>"; };
		7BA4BA2826A216C7004D9D81 /* ContentView.swift */ = {isa = PBXFileReference; lastKnownFileType = sourcecode.swift; path = ContentView.swift; sourceTree = "<group>"; };
		7BA4BA2B26A216C7004D9D81 /* News_SwiftUI.xcdatamodel */ = {isa = PBXFileReference; lastKnownFileType = wrapper.xcdatamodel; path = News_SwiftUI.xcdatamodel; sourceTree = "<group>"; };
		7BA4BA2D26A216C9004D9D81 /* Assets.xcassets */ = {isa = PBXFileReference; lastKnownFileType = folder.assetcatalog; path = Assets.xcassets; sourceTree = "<group>"; };
		7BA4BA3026A216C9004D9D81 /* Preview Assets.xcassets */ = {isa = PBXFileReference; lastKnownFileType = folder.assetcatalog; path = "Preview Assets.xcassets"; sourceTree = "<group>"; };
		7BA4BA3326A216C9004D9D81 /* Base */ = {isa = PBXFileReference; lastKnownFileType = file.storyboard; name = Base; path = Base.lproj/LaunchScreen.storyboard; sourceTree = "<group>"; };
		7BA4BA3526A216C9004D9D81 /* Info.plist */ = {isa = PBXFileReference; lastKnownFileType = text.plist.xml; path = Info.plist; sourceTree = "<group>"; };
		7BA4BA3A26A216C9004D9D81 /* News SwiftUITests.xctest */ = {isa = PBXFileReference; explicitFileType = wrapper.cfbundle; includeInIndex = 0; path = "News SwiftUITests.xctest"; sourceTree = BUILT_PRODUCTS_DIR; };
		7BA4BA3E26A216C9004D9D81 /* News_SwiftUITests.swift */ = {isa = PBXFileReference; lastKnownFileType = sourcecode.swift; path = News_SwiftUITests.swift; sourceTree = "<group>"; };
		7BA4BA4026A216C9004D9D81 /* Info.plist */ = {isa = PBXFileReference; lastKnownFileType = text.plist.xml; path = Info.plist; sourceTree = "<group>"; };
		7BA4BA4526A216C9004D9D81 /* News SwiftUIUITests.xctest */ = {isa = PBXFileReference; explicitFileType = wrapper.cfbundle; includeInIndex = 0; path = "News SwiftUIUITests.xctest"; sourceTree = BUILT_PRODUCTS_DIR; };
		7BA4BA4926A216C9004D9D81 /* News_SwiftUIUITests.swift */ = {isa = PBXFileReference; lastKnownFileType = sourcecode.swift; path = News_SwiftUIUITests.swift; sourceTree = "<group>"; };
		7BA4BA4B26A216C9004D9D81 /* Info.plist */ = {isa = PBXFileReference; lastKnownFileType = text.plist.xml; path = Info.plist; sourceTree = "<group>"; };
/* End PBXFileReference section */

/* Begin PBXFrameworksBuildPhase section */
		7BA4BA1E26A216C7004D9D81 /* Frameworks */ = {
			isa = PBXFrameworksBuildPhase;
			buildActionMask = 2147483647;
			files = (
			);
			runOnlyForDeploymentPostprocessing = 0;
		};
		7BA4BA3726A216C9004D9D81 /* Frameworks */ = {
			isa = PBXFrameworksBuildPhase;
			buildActionMask = 2147483647;
			files = (
			);
			runOnlyForDeploymentPostprocessing = 0;
		};
		7BA4BA4226A216C9004D9D81 /* Frameworks */ = {
			isa = PBXFrameworksBuildPhase;
			buildActionMask = 2147483647;
			files = (
			);
			runOnlyForDeploymentPostprocessing = 0;
		};
/* End PBXFrameworksBuildPhase section */

/* Begin PBXGroup section */
		7BA4BA1826A216C7004D9D81 = {
			isa = PBXGroup;
			children = (
				7BA4BA2326A216C7004D9D81 /* News SwiftUI */,
				7BA4BA3D26A216C9004D9D81 /* News SwiftUITests */,
				7BA4BA4826A216C9004D9D81 /* News SwiftUIUITests */,
				7BA4BA2226A216C7004D9D81 /* Products */,
			);
			sourceTree = "<group>";
		};
		7BA4BA2226A216C7004D9D81 /* Products */ = {
			isa = PBXGroup;
			children = (
				7BA4BA2126A216C7004D9D81 /* News SwiftUI.app */,
				7BA4BA3A26A216C9004D9D81 /* News SwiftUITests.xctest */,
				7BA4BA4526A216C9004D9D81 /* News SwiftUIUITests.xctest */,
			);
			name = Products;
			sourceTree = "<group>";
		};
		7BA4BA2326A216C7004D9D81 /* News SwiftUI */ = {
			isa = PBXGroup;
			children = (
				7BA4BA2426A216C7004D9D81 /* AppDelegate.swift */,
				7BA4BA2626A216C7004D9D81 /* SceneDelegate.swift */,
				7BA4BA2826A216C7004D9D81 /* ContentView.swift */,
				7BA4BA2D26A216C9004D9D81 /* Assets.xcassets */,
				7BA4BA3226A216C9004D9D81 /* LaunchScreen.storyboard */,
				7BA4BA3526A216C9004D9D81 /* Info.plist */,
				7BA4BA2A26A216C7004D9D81 /* News_SwiftUI.xcdatamodeld */,
				7BA4BA2F26A216C9004D9D81 /* Preview Content */,
			);
			path = "News SwiftUI";
			sourceTree = "<group>";
		};
		7BA4BA2F26A216C9004D9D81 /* Preview Content */ = {
			isa = PBXGroup;
			children = (
				7BA4BA3026A216C9004D9D81 /* Preview Assets.xcassets */,
			);
			path = "Preview Content";
			sourceTree = "<group>";
		};
		7BA4BA3D26A216C9004D9D81 /* News SwiftUITests */ = {
			isa = PBXGroup;
			children = (
				7BA4BA3E26A216C9004D9D81 /* News_SwiftUITests.swift */,
				7BA4BA4026A216C9004D9D81 /* Info.plist */,
			);
			path = "News SwiftUITests";
			sourceTree = "<group>";
		};
		7BA4BA4826A216C9004D9D81 /* News SwiftUIUITests */ = {
			isa = PBXGroup;
			children = (
				7BA4BA4926A216C9004D9D81 /* News_SwiftUIUITests.swift */,
				7BA4BA4B26A216C9004D9D81 /* Info.plist */,
			);
			path = "News SwiftUIUITests";
			sourceTree = "<group>";
		};
/* End PBXGroup section */

/* Begin PBXNativeTarget section */
		7BA4BA2026A216C7004D9D81 /* News SwiftUI */ = {
			isa = PBXNativeTarget;
			buildConfigurationList = 7BA4BA4E26A216C9004D9D81 /* Build configuration list for PBXNativeTarget "News SwiftUI" */;
			buildPhases = (
				7BA4BA1D26A216C7004D9D81 /* Sources */,
				7BA4BA1E26A216C7004D9D81 /* Frameworks */,
				7BA4BA1F26A216C7004D9D81 /* Resources */,
			);
			buildRules = (
			);
			dependencies = (
			);
			name = "News SwiftUI";
			productName = "News SwiftUI";
			productReference = 7BA4BA2126A216C7004D9D81 /* News SwiftUI.app */;
			productType = "com.apple.product-type.application";
		};
		7BA4BA3926A216C9004D9D81 /* News SwiftUITests */ = {
			isa = PBXNativeTarget;
			buildConfigurationList = 7BA4BA5126A216C9004D9D81 /* Build configuration list for PBXNativeTarget "News SwiftUITests" */;
			buildPhases = (
				7BA4BA3626A216C9004D9D81 /* Sources */,
				7BA4BA3726A216C9004D9D81 /* Frameworks */,
				7BA4BA3826A216C9004D9D81 /* Resources */,
			);
			buildRules = (
			);
			dependencies = (
				7BA4BA3C26A216C9004D9D81 /* PBXTargetDependency */,
			);
			name = "News SwiftUITests";
			productName = "News SwiftUITests";
			productReference = 7BA4BA3A26A216C9004D9D81 /* News SwiftUITests.xctest */;
			productType = "com.apple.product-type.bundle.unit-test";
		};
		7BA4BA4426A216C9004D9D81 /* News SwiftUIUITests */ = {
			isa = PBXNativeTarget;
			buildConfigurationList = 7BA4BA5426A216C9004D9D81 /* Build configuration list for PBXNativeTarget "News SwiftUIUITests" */;
			buildPhases = (
				7BA4BA4126A216C9004D9D81 /* Sources */,
				7BA4BA4226A216C9004D9D81 /* Frameworks */,
				7BA4BA4326A216C9004D9D81 /* Resources */,
			);
			buildRules = (
			);
			dependencies = (
				7BA4BA4726A216C9004D9D81 /* PBXTargetDependency */,
			);
			name = "News SwiftUIUITests";
			productName = "News SwiftUIUITests";
			productReference = 7BA4BA4526A216C9004D9D81 /* News SwiftUIUITests.xctest */;
			productType = "com.apple.product-type.bundle.ui-testing";
		};
/* End PBXNativeTarget section */

/* Begin PBXProject section */
		7BA4BA1926A216C7004D9D81 /* Project object */ = {
			isa = PBXProject;
			attributes = {
				LastSwiftUpdateCheck = 1250;
				LastUpgradeCheck = 1250;
				TargetAttributes = {
					7BA4BA2026A216C7004D9D81 = {
						CreatedOnToolsVersion = 12.5;
					};
					7BA4BA3926A216C9004D9D81 = {
						CreatedOnToolsVersion = 12.5;
						TestTargetID = 7BA4BA2026A216C7004D9D81;
					};
					7BA4BA4426A216C9004D9D81 = {
						CreatedOnToolsVersion = 12.5;
						TestTargetID = 7BA4BA2026A216C7004D9D81;
					};
				};
			};
			buildConfigurationList = 7BA4BA1C26A216C7004D9D81 /* Build configuration list for PBXProject "News SwiftUI" */;
			compatibilityVersion = "Xcode 9.3";
			developmentRegion = en;
			hasScannedForEncodings = 0;
			knownRegions = (
				en,
				Base,
			);
			mainGroup = 7BA4BA1826A216C7004D9D81;
			productRefGroup = 7BA4BA2226A216C7004D9D81 /* Products */;
			projectDirPath = "";
			projectRoot = "";
			targets = (
				7BA4BA2026A216C7004D9D81 /* News SwiftUI */,
				7BA4BA3926A216C9004D9D81 /* News SwiftUITests */,
				7BA4BA4426A216C9004D9D81 /* News SwiftUIUITests */,
			);
		};
/* End PBXProject section */

/* Begin PBXResourcesBuildPhase section */
		7BA4BA1F26A216C7004D9D81 /* Resources */ = {
			isa = PBXResourcesBuildPhase;
			buildActionMask = 2147483647;
			files = (
				7BA4BA3426A216C9004D9D81 /* LaunchScreen.storyboard in Resources */,
				7BA4BA3126A216C9004D9D81 /* Preview Assets.xcassets in Resources */,
				7BA4BA2E26A216C9004D9D81 /* Assets.xcassets in Resources */,
			);
			runOnlyForDeploymentPostprocessing = 0;
		};
		7BA4BA3826A216C9004D9D81 /* Resources */ = {
			isa = PBXResourcesBuildPhase;
			buildActionMask = 2147483647;
			files = (
			);
			runOnlyForDeploymentPostprocessing = 0;
		};
		7BA4BA4326A216C9004D9D81 /* Resources */ = {
			isa = PBXResourcesBuildPhase;
			buildActionMask = 2147483647;
			files = (
			);
			runOnlyForDeploymentPostprocessing = 0;
		};
/* End PBXResourcesBuildPhase section */

/* Begin PBXSourcesBuildPhase section */
		7BA4BA1D26A216C7004D9D81 /* Sources */ = {
			isa = PBXSourcesBuildPhase;
			buildActionMask = 2147483647;
			files = (
				7BA4BA2C26A216C7004D9D81 /* News_SwiftUI.xcdatamodeld in Sources */,
				7BA4BA2526A216C7004D9D81 /* AppDelegate.swift in Sources */,
				7BA4BA2726A216C7004D9D81 /* SceneDelegate.swift in Sources */,
				7BA4BA2926A216C7004D9D81 /* ContentView.swift in Sources */,
			);
			runOnlyForDeploymentPostprocessing = 0;
		};
		7BA4BA3626A216C9004D9D81 /* Sources */ = {
			isa = PBXSourcesBuildPhase;
			buildActionMask = 2147483647;
			files = (
				7BA4BA3F26A216C9004D9D81 /* News_SwiftUITests.swift in Sources */,
			);
			runOnlyForDeploymentPostprocessing = 0;
		};
		7BA4BA4126A216C9004D9D81 /* Sources */ = {
			isa = PBXSourcesBuildPhase;
			buildActionMask = 2147483647;
			files = (
				7BA4BA4A26A216C9004D9D81 /* News_SwiftUIUITests.swift in Sources */,
			);
			runOnlyForDeploymentPostprocessing = 0;
		};
/* End PBXSourcesBuildPhase section */

/* Begin PBXTargetDependency section */
		7BA4BA3C26A216C9004D9D81 /* PBXTargetDependency */ = {
			isa = PBXTargetDependency;
			target = 7BA4BA2026A216C7004D9D81 /* News SwiftUI */;
			targetProxy = 7BA4BA3B26A216C9004D9D81 /* PBXContainerItemProxy */;
		};
		7BA4BA4726A216C9004D9D81 /* PBXTargetDependency */ = {
			isa = PBXTargetDependency;
			target = 7BA4BA2026A216C7004D9D81 /* News SwiftUI */;
			targetProxy = 7BA4BA4626A216C9004D9D81 /* PBXContainerItemProxy */;
		};
/* End PBXTargetDependency section */

/* Begin PBXVariantGroup section */
		7BA4BA3226A216C9004D9D81 /* LaunchScreen.storyboard */ = {
			isa = PBXVariantGroup;
			children = (
				7BA4BA3326A216C9004D9D81 /* Base */,
			);
			name = LaunchScreen.storyboard;
			sourceTree = "<group>";
		};
/* End PBXVariantGroup section */

/* Begin XCBuildConfiguration section */
		7BA4BA4C26A216C9004D9D81 /* Debug */ = {
			isa = XCBuildConfiguration;
			buildSettings = {
				ALWAYS_SEARCH_USER_PATHS = NO;
				CLANG_ANALYZER_NONNULL = YES;
				CLANG_ANALYZER_NUMBER_OBJECT_CONVERSION = YES_AGGRESSIVE;
				CLANG_CXX_LANGUAGE_STANDARD = "gnu++14";
				CLANG_CXX_LIBRARY = "libc++";
				CLANG_ENABLE_MODULES = YES;
				CLANG_ENABLE_OBJC_ARC = YES;
				CLANG_ENABLE_OBJC_WEAK = YES;
				CLANG_WARN_BLOCK_CAPTURE_AUTORELEASING = YES;
				CLANG_WARN_BOOL_CONVERSION = YES;
				CLANG_WARN_COMMA = YES;
				CLANG_WARN_CONSTANT_CONVERSION = YES;
				CLANG_WARN_DEPRECATED_OBJC_IMPLEMENTATIONS = YES;
				CLANG_WARN_DIRECT_OBJC_ISA_USAGE = YES_ERROR;
				CLANG_WARN_DOCUMENTATION_COMMENTS = YES;
				CLANG_WARN_EMPTY_BODY = YES;
				CLANG_WARN_ENUM_CONVERSION = YES;
				CLANG_WARN_INFINITE_RECURSION = YES;
				CLANG_WARN_INT_CONVERSION = YES;
				CLANG_WARN_NON_LITERAL_NULL_CONVERSION = YES;
				CLANG_WARN_OBJC_IMPLICIT_RETAIN_SELF = YES;
				CLANG_WARN_OBJC_LITERAL_CONVERSION = YES;
				CLANG_WARN_OBJC_ROOT_CLASS = YES_ERROR;
				CLANG_WARN_QUOTED_INCLUDE_IN_FRAMEWORK_HEADER = YES;
				CLANG_WARN_RANGE_LOOP_ANALYSIS = YES;
				CLANG_WARN_STRICT_PROTOTYPES = YES;
				CLANG_WARN_SUSPICIOUS_MOVE = YES;
				CLANG_WARN_UNGUARDED_AVAILABILITY = YES_AGGRESSIVE;
				CLANG_WARN_UNREACHABLE_CODE = YES;
				CLANG_WARN__DUPLICATE_METHOD_MATCH = YES;
				COPY_PHASE_STRIP = NO;
				DEBUG_INFORMATION_FORMAT = dwarf;
				ENABLE_STRICT_OBJC_MSGSEND = YES;
				ENABLE_TESTABILITY = YES;
				GCC_C_LANGUAGE_STANDARD = gnu11;
				GCC_DYNAMIC_NO_PIC = NO;
				GCC_NO_COMMON_BLOCKS = YES;
				GCC_OPTIMIZATION_LEVEL = 0;
				GCC_PREPROCESSOR_DEFINITIONS = (
					"DEBUG=1",
					"$(inherited)",
				);
				GCC_WARN_64_TO_32_BIT_CONVERSION = YES;
				GCC_WARN_ABOUT_RETURN_TYPE = YES_ERROR;
				GCC_WARN_UNDECLARED_SELECTOR = YES;
				GCC_WARN_UNINITIALIZED_AUTOS = YES_AGGRESSIVE;
				GCC_WARN_UNUSED_FUNCTION = YES;
				GCC_WARN_UNUSED_VARIABLE = YES;
				IPHONEOS_DEPLOYMENT_TARGET = 14.5;
				MTL_ENABLE_DEBUG_INFO = INCLUDE_SOURCE;
				MTL_FAST_MATH = YES;
				ONLY_ACTIVE_ARCH = YES;
				SDKROOT = iphoneos;
				SWIFT_ACTIVE_COMPILATION_CONDITIONS = DEBUG;
				SWIFT_OPTIMIZATION_LEVEL = "-Onone";
			};
			name = Debug;
		};
		7BA4BA4D26A216C9004D9D81 /* Release */ = {
			isa = XCBuildConfiguration;
			buildSettings = {
				ALWAYS_SEARCH_USER_PATHS = NO;
				CLANG_ANALYZER_NONNULL = YES;
				CLANG_ANALYZER_NUMBER_OBJECT_CONVERSION = YES_AGGRESSIVE;
				CLANG_CXX_LANGUAGE_STANDARD = "gnu++14";
				CLANG_CXX_LIBRARY = "libc++";
				CLANG_ENABLE_MODULES = YES;
				CLANG_ENABLE_OBJC_ARC = YES;
				CLANG_ENABLE_OBJC_WEAK = YES;
				CLANG_WARN_BLOCK_CAPTURE_AUTORELEASING = YES;
				CLANG_WARN_BOOL_CONVERSION = YES;
				CLANG_WARN_COMMA = YES;
				CLANG_WARN_CONSTANT_CONVERSION = YES;
				CLANG_WARN_DEPRECATED_OBJC_IMPLEMENTATIONS = YES;
				CLANG_WARN_DIRECT_OBJC_ISA_USAGE = YES_ERROR;
				CLANG_WARN_DOCUMENTATION_COMMENTS = YES;
				CLANG_WARN_EMPTY_BODY = YES;
				CLANG_WARN_ENUM_CONVERSION = YES;
				CLANG_WARN_INFINITE_RECURSION = YES;
				CLANG_WARN_INT_CONVERSION = YES;
				CLANG_WARN_NON_LITERAL_NULL_CONVERSION = YES;
				CLANG_WARN_OBJC_IMPLICIT_RETAIN_SELF = YES;
				CLANG_WARN_OBJC_LITERAL_CONVERSION = YES;
				CLANG_WARN_OBJC_ROOT_CLASS = YES_ERROR;
				CLANG_WARN_QUOTED_INCLUDE_IN_FRAMEWORK_HEADER = YES;
				CLANG_WARN_RANGE_LOOP_ANALYSIS = YES;
				CLANG_WARN_STRICT_PROTOTYPES = YES;
				CLANG_WARN_SUSPICIOUS_MOVE = YES;
				CLANG_WARN_UNGUARDED_AVAILABILITY = YES_AGGRESSIVE;
				CLANG_WARN_UNREACHABLE_CODE = YES;
				CLANG_WARN__DUPLICATE_METHOD_MATCH = YES;
				COPY_PHASE_STRIP = NO;
				DEBUG_INFORMATION_FORMAT = "dwarf-with-dsym";
				ENABLE_NS_ASSERTIONS = NO;
				ENABLE_STRICT_OBJC_MSGSEND = YES;
				GCC_C_LANGUAGE_STANDARD = gnu11;
				GCC_NO_COMMON_BLOCKS = YES;
				GCC_WARN_64_TO_32_BIT_CONVERSION = YES;
				GCC_WARN_ABOUT_RETURN_TYPE = YES_ERROR;
				GCC_WARN_UNDECLARED_SELECTOR = YES;
				GCC_WARN_UNINITIALIZED_AUTOS = YES_AGGRESSIVE;
				GCC_WARN_UNUSED_FUNCTION = YES;
				GCC_WARN_UNUSED_VARIABLE = YES;
				IPHONEOS_DEPLOYMENT_TARGET = 14.5;
				MTL_ENABLE_DEBUG_INFO = NO;
				MTL_FAST_MATH = YES;
				SDKROOT = iphoneos;
				SWIFT_COMPILATION_MODE = wholemodule;
				SWIFT_OPTIMIZATION_LEVEL = "-O";
				VALIDATE_PRODUCT = YES;
			};
			name = Release;
		};
		7BA4BA4F26A216C9004D9D81 /* Debug */ = {
			isa = XCBuildConfiguration;
			buildSettings = {
				ASSETCATALOG_COMPILER_APPICON_NAME = AppIcon;
				ASSETCATALOG_COMPILER_GLOBAL_ACCENT_COLOR_NAME = AccentColor;
				CODE_SIGN_STYLE = Automatic;
				DEVELOPMENT_ASSET_PATHS = "\"News SwiftUI/Preview Content\"";
				ENABLE_PREVIEWS = YES;
				INFOPLIST_FILE = "News SwiftUI/Info.plist";
				LD_RUNPATH_SEARCH_PATHS = (
					"$(inherited)",
					"@executable_path/Frameworks",
				);
				PRODUCT_BUNDLE_IDENTIFIER = "com.beyrami.News-SwiftUI";
				PRODUCT_NAME = "$(TARGET_NAME)";
				SWIFT_VERSION = 5.0;
				TARGETED_DEVICE_FAMILY = "1,2";
			};
			name = Debug;
		};
		7BA4BA5026A216C9004D9D81 /* Release */ = {
			isa = XCBuildConfiguration;
			buildSettings = {
				ASSETCATALOG_COMPILER_APPICON_NAME = AppIcon;
				ASSETCATALOG_COMPILER_GLOBAL_ACCENT_COLOR_NAME = AccentColor;
				CODE_SIGN_STYLE = Automatic;
				DEVELOPMENT_ASSET_PATHS = "\"News SwiftUI/Preview Content\"";
				ENABLE_PREVIEWS = YES;
				INFOPLIST_FILE = "News SwiftUI/Info.plist";
				LD_RUNPATH_SEARCH_PATHS = (
					"$(inherited)",
					"@executable_path/Frameworks",
				);
				PRODUCT_BUNDLE_IDENTIFIER = "com.beyrami.News-SwiftUI";
				PRODUCT_NAME = "$(TARGET_NAME)";
				SWIFT_VERSION = 5.0;
				TARGETED_DEVICE_FAMILY = "1,2";
			};
			name = Release;
		};
		7BA4BA5226A216C9004D9D81 /* Debug */ = {
			isa = XCBuildConfiguration;
			buildSettings = {
				ALWAYS_EMBED_SWIFT_STANDARD_LIBRARIES = YES;
				BUNDLE_LOADER = "$(TEST_HOST)";
				CODE_SIGN_STYLE = Automatic;
				INFOPLIST_FILE = "News SwiftUITests/Info.plist";
				IPHONEOS_DEPLOYMENT_TARGET = 14.5;
				LD_RUNPATH_SEARCH_PATHS = (
					"$(inherited)",
					"@executable_path/Frameworks",
					"@loader_path/Frameworks",
				);
				PRODUCT_BUNDLE_IDENTIFIER = "com.beyrami.News-SwiftUITests";
				PRODUCT_NAME = "$(TARGET_NAME)";
				SWIFT_VERSION = 5.0;
				TARGETED_DEVICE_FAMILY = "1,2";
				TEST_HOST = "$(BUILT_PRODUCTS_DIR)/News SwiftUI.app/News SwiftUI";
			};
			name = Debug;
		};
		7BA4BA5326A216C9004D9D81 /* Release */ = {
			isa = XCBuildConfiguration;
			buildSettings = {
				ALWAYS_EMBED_SWIFT_STANDARD_LIBRARIES = YES;
				BUNDLE_LOADER = "$(TEST_HOST)";
				CODE_SIGN_STYLE = Automatic;
				INFOPLIST_FILE = "News SwiftUITests/Info.plist";
				IPHONEOS_DEPLOYMENT_TARGET = 14.5;
				LD_RUNPATH_SEARCH_PATHS = (
					"$(inherited)",
					"@executable_path/Frameworks",
					"@loader_path/Frameworks",
				);
				PRODUCT_BUNDLE_IDENTIFIER = "com.beyrami.News-SwiftUITests";
				PRODUCT_NAME = "$(TARGET_NAME)";
				SWIFT_VERSION = 5.0;
				TARGETED_DEVICE_FAMILY = "1,2";
				TEST_HOST = "$(BUILT_PRODUCTS_DIR)/News SwiftUI.app/News SwiftUI";
			};
			name = Release;
		};
		7BA4BA5526A216C9004D9D81 /* Debug */ = {
			isa = XCBuildConfiguration;
			buildSettings = {
				ALWAYS_EMBED_SWIFT_STANDARD_LIBRARIES = YES;
				CODE_SIGN_STYLE = Automatic;
				INFOPLIST_FILE = "News SwiftUIUITests/Info.plist";
				LD_RUNPATH_SEARCH_PATHS = (
					"$(inherited)",
					"@executable_path/Frameworks",
					"@loader_path/Frameworks",
				);
				PRODUCT_BUNDLE_IDENTIFIER = "com.beyrami.News-SwiftUIUITests";
				PRODUCT_NAME = "$(TARGET_NAME)";
				SWIFT_VERSION = 5.0;
				TARGETED_DEVICE_FAMILY = "1,2";
				TEST_TARGET_NAME = "News SwiftUI";
			};
			name = Debug;
		};
		7BA4BA5626A216C9004D9D81 /* Release */ = {
			isa = XCBuildConfiguration;
			buildSettings = {
				ALWAYS_EMBED_SWIFT_STANDARD_LIBRARIES = YES;
				CODE_SIGN_STYLE = Automatic;
				INFOPLIST_FILE = "News SwiftUIUITests/Info.plist";
				LD_RUNPATH_SEARCH_PATHS = (
					"$(inherited)",
					"@executable_path/Frameworks",
					"@loader_path/Frameworks",
				);
				PRODUCT_BUNDLE_IDENTIFIER = "com.beyrami.News-SwiftUIUITests";
				PRODUCT_NAME = "$(TARGET_NAME)";
				SWIFT_VERSION = 5.0;
				TARGETED_DEVICE_FAMILY = "1,2";
				TEST_TARGET_NAME = "News SwiftUI";
			};
			name = Release;
		};
/* End XCBuildConfiguration section */

/* Begin XCConfigurationList section */
		7BA4BA1C26A216C7004D9D81 /* Build configuration list for PBXProject "News SwiftUI" */ = {
			isa = XCConfigurationList;
			buildConfigurations = (
				7BA4BA4C26A216C9004D9D81 /* Debug */,
				7BA4BA4D26A216C9004D9D81 /* Release */,
			);
			defaultConfigurationIsVisible = 0;
			defaultConfigurationName = Release;
		};
		7BA4BA4E26A216C9004D9D81 /* Build configuration list for PBXNativeTarget "News SwiftUI" */ = {
			isa = XCConfigurationList;
			buildConfigurations = (
				7BA4BA4F26A216C9004D9D81 /* Debug */,
				7BA4BA5026A216C9004D9D81 /* Release */,
			);
			defaultConfigurationIsVisible = 0;
			defaultConfigurationName = Release;
		};
		7BA4BA5126A216C9004D9D81 /* Build configuration list for PBXNativeTarget "News SwiftUITests" */ = {
			isa = XCConfigurationList;
			buildConfigurations = (
				7BA4BA5226A216C9004D9D81 /* Debug */,
				7BA4BA5326A216C9004D9D81 /* Release */,
			);
			defaultConfigurationIsVisible = 0;
			defaultConfigurationName = Release;
		};
		7BA4BA5426A216C9004D9D81 /* Build configuration list for PBXNativeTarget "News SwiftUIUITests" */ = {
			isa = XCConfigurationList;
			buildConfigurations = (
				7BA4BA5526A216C9004D9D81 /* Debug */,
				7BA4BA5626A216C9004D9D81 /* Release */,
			);
			defaultConfigurationIsVisible = 0;
			defaultConfigurationName = Release;
		};
/* End XCConfigurationList section */

/* Begin XCVersionGroup section */
		7BA4BA2A26A216C7004D9D81 /* News_SwiftUI.xcdatamodeld */ = {
			isa = XCVersionGroup;
			children = (
				7BA4BA2B26A216C7004D9D81 /* News_SwiftUI.xcdatamodel */,
			);
			currentVersion = 7BA4BA2B26A216C7004D9D81 /* News_SwiftUI.xcdatamodel */;
			path = News_SwiftUI.xcdatamodeld;
			sourceTree = "<group>";
			versionGroupType = wrapper.xcdatamodel;
		};
/* End XCVersionGroup section */
	};
	rootObject = 7BA4BA1926A216C7004D9D81 /* Project object */;
}
